
Microsoft Visual Studio Solution File, Format Version 12.00
# Visual Studio Version 16
VisualStudioVersion = 16.0.30320.27
MinimumVisualStudioVersion = 10.0.40219.1
Project("{FAE04EC0-301F-11D3-BF4B-00C04F79EFBC}") = "HelloT1904E", "HelloT1904E\HelloT1904E.csproj", "{8F3A8B1D-F09B-4830-AE69-A12DAD2FC23F}"
EndProject
Global
	GlobalSection(SolutionConfigurationPlatforms) = preSolution
		Debug|Any CPU = Debug|Any CPU
		Release|Any CPU = Release|Any CPU
	EndGlobalSection
	GlobalSection(ProjectConfigurationPlatforms) = postSolution
		{8F3A8B1D-F09B-4830-AE69-A12DAD2FC23F}.Debug|Any CPU.ActiveCfg = Debug|Any CPU
		{8F3A8B1D-F09B-4830-AE69-A12DAD2FC23F}.Debug|Any CPU.Build.0 = Debug|Any CPU
		{8F3A8B1D-F09B-4830-AE69-A12DAD2FC23F}.Release|Any CPU.ActiveCfg = Release|Any CPU
		{8F3A8B1D-F09B-4830-AE69-A12DAD2FC23F}.Release|Any CPU.Build.0 = Release|Any CPU
	EndGlobalSection
	GlobalSection(SolutionProperties) = preSolution
		HideSolutionNode = FALSE
	EndGlobalSection
	GlobalSection(ExtensibilityGlobals) = postSolution
		SolutionGuid = {059D555B-BAA9-473B-865C-E6E762C2CDD1}
	EndGlobalSection
EndGlobal
